// !$*UTF8*$!
{
	archiveVersion = 1;
	classes = {
	};
	objectVersion = 46;
	objects = {

/* Begin PBXBuildFile section */
		0091D8F90E81B9330029341E /* OpenGL.framework in Frameworks */ = {isa = PBXBuildFile; fileRef = 0091D8F80E81B9330029341E /* OpenGL.framework */; };
		00B784B30FF439BC000DE1D7 /* Accelerate.framework in Frameworks */ = {isa = PBXBuildFile; fileRef = 00B784AF0FF439BC000DE1D7 /* Accelerate.framework */; };
		00B784B40FF439BC000DE1D7 /* AudioToolbox.framework in Frameworks */ = {isa = PBXBuildFile; fileRef = 00B784B00FF439BC000DE1D7 /* AudioToolbox.framework */; };
		00B784B50FF439BC000DE1D7 /* AudioUnit.framework in Frameworks */ = {isa = PBXBuildFile; fileRef = 00B784B10FF439BC000DE1D7 /* AudioUnit.framework */; };
		00B784B60FF439BC000DE1D7 /* CoreAudio.framework in Frameworks */ = {isa = PBXBuildFile; fileRef = 00B784B20FF439BC000DE1D7 /* CoreAudio.framework */; };
		5323E6B20EAFCA74003A9687 /* CoreVideo.framework in Frameworks */ = {isa = PBXBuildFile; fileRef = 5323E6B10EAFCA74003A9687 /* CoreVideo.framework */; };
		5323E6B60EAFCA7E003A9687 /* QTKit.framework in Frameworks */ = {isa = PBXBuildFile; fileRef = 5323E6B50EAFCA7E003A9687 /* QTKit.framework */; };
		8D11072F0486CEB800E47090 /* Cocoa.framework in Frameworks */ = {isa = PBXBuildFile; fileRef = 1058C7A1FEA54F0111CA2CBB /* Cocoa.framework */; };
		E21B0AAC1901E537007E8773 /* blur_frag.glsl in Resources */ = {isa = PBXBuildFile; fileRef = E21B0AA81901E537007E8773 /* blur_frag.glsl */; };
		E21B0AAD1901E537007E8773 /* blur_vert.glsl in Resources */ = {isa = PBXBuildFile; fileRef = E21B0AA91901E537007E8773 /* blur_vert.glsl */; };
		E21B0AAE1901E537007E8773 /* phong_frag.glsl in Resources */ = {isa = PBXBuildFile; fileRef = E21B0AAA1901E537007E8773 /* phong_frag.glsl */; };
		E21B0AAF1901E537007E8773 /* phong_vert.glsl in Resources */ = {isa = PBXBuildFile; fileRef = E21B0AAB1901E537007E8773 /* phong_vert.glsl */; };
		E233890D18C7BA420083E39C /* vert.glsl in Resources */ = {isa = PBXBuildFile; fileRef = E233890C18C7BA420083E39C /* vert.glsl */; };
		E285173719099E4E0094D7B1 /* BeatDetector.cpp in Sources */ = {isa = PBXBuildFile; fileRef = E285173619099E4E0094D7B1 /* BeatDetector.cpp */; };
		E285173A190B3A040094D7B1 /* Satie_Batacas.mp3 in Resources */ = {isa = PBXBuildFile; fileRef = E2851739190B3A040094D7B1 /* Satie_Batacas.mp3 */; };
		E2887F4318BD6AEE00263F18 /* Particle.cpp in Sources */ = {isa = PBXBuildFile; fileRef = E2887F4018BD6AEE00263F18 /* Particle.cpp */; };
		E2887F4418BD6AEE00263F18 /* ParticleSystem.cpp in Sources */ = {isa = PBXBuildFile; fileRef = E2887F4118BD6AEE00263F18 /* ParticleSystem.cpp */; };
		E2887F4518BD6AEE00263F18 /* ParticleSystemApp.cpp in Sources */ = {isa = PBXBuildFile; fileRef = E2887F4218BD6AEE00263F18 /* ParticleSystemApp.cpp */; };
		E298EB1219032ED100E38CAB /* AudioAnaylzer.cpp in Sources */ = {isa = PBXBuildFile; fileRef = E298EB1019032ED100E38CAB /* AudioAnaylzer.cpp */; };
		E2ABF4151901CDFF0055D6B5 /* frag.glsl in Resources */ = {isa = PBXBuildFile; fileRef = E2ABF4141901CDFF0055D6B5 /* frag.glsl */; };
		E2C79FD3193596A0000DD550 /* CoreMIDI.framework in Frameworks */ = {isa = PBXBuildFile; fileRef = E2C79FD2193596A0000DD550 /* CoreMIDI.framework */; };
		E2C79FE0193596FF000DD550 /* RtMidi.cpp in Sources */ = {isa = PBXBuildFile; fileRef = E2C79FDE193596FF000DD550 /* RtMidi.cpp */; };
		E2C79FE619359705000DD550 /* MidiHub.cpp in Sources */ = {isa = PBXBuildFile; fileRef = E2C79FE219359705000DD550 /* MidiHub.cpp */; };
		E2C79FE719359705000DD550 /* MidiIn.cpp in Sources */ = {isa = PBXBuildFile; fileRef = E2C79FE319359705000DD550 /* MidiIn.cpp */; };
		E2C79FE819359705000DD550 /* MidiMessage.cpp in Sources */ = {isa = PBXBuildFile; fileRef = E2C79FE419359705000DD550 /* MidiMessage.cpp */; };
		E2C79FE919359705000DD550 /* MidiOut.cpp in Sources */ = {isa = PBXBuildFile; fileRef = E2C79FE519359705000DD550 /* MidiOut.cpp */; };
		E2C7A00F19359A23000DD550 /* IpEndpointName.cpp in Sources */ = {isa = PBXBuildFile; fileRef = E2C79FED19359A23000DD550 /* IpEndpointName.cpp */; };
		E2C7A01019359A23000DD550 /* NetworkingUtils.cpp in Sources */ = {isa = PBXBuildFile; fileRef = E2C79FF219359A23000DD550 /* NetworkingUtils.cpp */; };
		E2C7A01119359A23000DD550 /* UdpSocket.cpp in Sources */ = {isa = PBXBuildFile; fileRef = E2C79FF319359A23000DD550 /* UdpSocket.cpp */; };
		E2C7A01419359A23000DD550 /* OscOutboundPacketStream.cpp in Sources */ = {isa = PBXBuildFile; fileRef = E2C79FFD19359A23000DD550 /* OscOutboundPacketStream.cpp */; };
		E2C7A01519359A23000DD550 /* OscPrintReceivedElements.cpp in Sources */ = {isa = PBXBuildFile; fileRef = E2C7A00019359A23000DD550 /* OscPrintReceivedElements.cpp */; };
		E2C7A01619359A23000DD550 /* OscReceivedElements.cpp in Sources */ = {isa = PBXBuildFile; fileRef = E2C7A00219359A23000DD550 /* OscReceivedElements.cpp */; };
		E2C7A01719359A23000DD550 /* OscTypes.cpp in Sources */ = {isa = PBXBuildFile; fileRef = E2C7A00419359A23000DD550 /* OscTypes.cpp */; };
		E2C7A01819359A23000DD550 /* OscBundle.cpp in Sources */ = {isa = PBXBuildFile; fileRef = E2C7A00719359A23000DD550 /* OscBundle.cpp */; };
		E2C7A01919359A23000DD550 /* OscListener.cpp in Sources */ = {isa = PBXBuildFile; fileRef = E2C7A00919359A23000DD550 /* OscListener.cpp */; };
		E2C7A01A19359A23000DD550 /* OscMessage.cpp in Sources */ = {isa = PBXBuildFile; fileRef = E2C7A00B19359A23000DD550 /* OscMessage.cpp */; };
		E2C7A01B19359A23000DD550 /* OscSender.cpp in Sources */ = {isa = PBXBuildFile; fileRef = E2C7A00D19359A23000DD550 /* OscSender.cpp */; };
		E2CD7CE418C6830B007EB8CC /* satie_01.mp3 in Resources */ = {isa = PBXBuildFile; fileRef = E2CD7CE318C6830B007EB8CC /* satie_01.mp3 */; };
		E2D1FF051934513D00303066 /* mask.jpg in Resources */ = {isa = PBXBuildFile; fileRef = E2D1FF041934513D00303066 /* mask.jpg */; };
		E2D1FF0719346BD000303066 /* Room.cpp in Sources */ = {isa = PBXBuildFile; fileRef = E2D1FF0619346BD000303066 /* Room.cpp */; };
		E2D1FF0E19346F9A00303066 /* CubeMap.cpp in Sources */ = {isa = PBXBuildFile; fileRef = E2D1FF0C19346F9A00303066 /* CubeMap.cpp */; };
		E2D1FF0F19346F9A00303066 /* SpringCam.cpp in Sources */ = {isa = PBXBuildFile; fileRef = E2D1FF0D19346F9A00303066 /* SpringCam.cpp */; };
		E2D1FF1919346FB900303066 /* cinder_app_icon.ico in Resources */ = {isa = PBXBuildFile; fileRef = E2D1FF1019346FB900303066 /* cinder_app_icon.ico */; };
		E2D1FF1B19346FB900303066 /* cubeNegX.jpg in Resources */ = {isa = PBXBuildFile; fileRef = E2D1FF1219346FB900303066 /* cubeNegX.jpg */; };
		E2D1FF1C19346FB900303066 /* cubeNegY.jpg in Resources */ = {isa = PBXBuildFile; fileRef = E2D1FF1319346FB900303066 /* cubeNegY.jpg */; };
		E2D1FF1D19346FB900303066 /* cubePosY.jpg in Resources */ = {isa = PBXBuildFile; fileRef = E2D1FF1419346FB900303066 /* cubePosY.jpg */; };
		E2D1FF1E19346FB900303066 /* cubePosZ.jpg in Resources */ = {isa = PBXBuildFile; fileRef = E2D1FF1519346FB900303066 /* cubePosZ.jpg */; };
		E2D1FF1F19346FB900303066 /* icon.icns in Resources */ = {isa = PBXBuildFile; fileRef = E2D1FF1619346FB900303066 /* icon.icns */; };
		E2D1FF2019346FB900303066 /* room.frag in Resources */ = {isa = PBXBuildFile; fileRef = E2D1FF1719346FB900303066 /* room.frag */; };
		E2D1FF2119346FB900303066 /* sphere.vert in Resources */ = {isa = PBXBuildFile; fileRef = E2D1FF1819346FB900303066 /* sphere.vert */; };
		E2D1FF241934733C00303066 /* sphere.frag in Resources */ = {isa = PBXBuildFile; fileRef = E2D1FF231934733C00303066 /* sphere.frag */; };
		E2D1FF271934735A00303066 /* cubeNegZ.jpg in Resources */ = {isa = PBXBuildFile; fileRef = E2D1FF251934735A00303066 /* cubeNegZ.jpg */; };
		E2D1FF281934735A00303066 /* room.vert in Resources */ = {isa = PBXBuildFile; fileRef = E2D1FF261934735A00303066 /* room.vert */; };
		E2D1FF2A1934741000303066 /* cubePosX.jpg in Resources */ = {isa = PBXBuildFile; fileRef = E2D1FF291934741000303066 /* cubePosX.jpg */; };
		EFCA874D439648098F66AE2D /* CinderApp.icns in Resources */ = {isa = PBXBuildFile; fileRef = D82C8E73BF124AB78564BB91 /* CinderApp.icns */; };
/* End PBXBuildFile section */

/* Begin PBXFileReference section */
		0091D8F80E81B9330029341E /* OpenGL.framework */ = {isa = PBXFileReference; lastKnownFileType = wrapper.framework; name = OpenGL.framework; path = /System/Library/Frameworks/OpenGL.framework; sourceTree = "<absolute>"; };
		00B784AF0FF439BC000DE1D7 /* Accelerate.framework */ = {isa = PBXFileReference; lastKnownFileType = wrapper.framework; name = Accelerate.framework; path = System/Library/Frameworks/Accelerate.framework; sourceTree = SDKROOT; };
		00B784B00FF439BC000DE1D7 /* AudioToolbox.framework */ = {isa = PBXFileReference; lastKnownFileType = wrapper.framework; name = AudioToolbox.framework; path = System/Library/Frameworks/AudioToolbox.framework; sourceTree = SDKROOT; };
		00B784B10FF439BC000DE1D7 /* AudioUnit.framework */ = {isa = PBXFileReference; lastKnownFileType = wrapper.framework; name = AudioUnit.framework; path = System/Library/Frameworks/AudioUnit.framework; sourceTree = SDKROOT; };
		00B784B20FF439BC000DE1D7 /* CoreAudio.framework */ = {isa = PBXFileReference; lastKnownFileType = wrapper.framework; name = CoreAudio.framework; path = System/Library/Frameworks/CoreAudio.framework; sourceTree = SDKROOT; };
		1058C7A1FEA54F0111CA2CBB /* Cocoa.framework */ = {isa = PBXFileReference; lastKnownFileType = wrapper.framework; name = Cocoa.framework; path = /System/Library/Frameworks/Cocoa.framework; sourceTree = "<absolute>"; };
		220505BAC50748A9837368C7 /* sintraCube_Prefix.pch */ = {isa = PBXFileReference; lastKnownFileType = sourcecode.c.h; path = sintraCube_Prefix.pch; sourceTree = "<group>"; };
		29B97324FDCFA39411CA2CEA /* AppKit.framework */ = {isa = PBXFileReference; lastKnownFileType = wrapper.framework; name = AppKit.framework; path = /System/Library/Frameworks/AppKit.framework; sourceTree = "<absolute>"; };
		29B97325FDCFA39411CA2CEA /* Foundation.framework */ = {isa = PBXFileReference; lastKnownFileType = wrapper.framework; name = Foundation.framework; path = /System/Library/Frameworks/Foundation.framework; sourceTree = "<absolute>"; };
		2F1DAFDDE44246BD9A323067 /* Info.plist */ = {isa = PBXFileReference; lastKnownFileType = text.plist.xml; path = Info.plist; sourceTree = "<group>"; };
		5323E6B10EAFCA74003A9687 /* CoreVideo.framework */ = {isa = PBXFileReference; lastKnownFileType = wrapper.framework; name = CoreVideo.framework; path = /System/Library/Frameworks/CoreVideo.framework; sourceTree = "<absolute>"; };
		5323E6B50EAFCA7E003A9687 /* QTKit.framework */ = {isa = PBXFileReference; lastKnownFileType = wrapper.framework; name = QTKit.framework; path = /System/Library/Frameworks/QTKit.framework; sourceTree = "<absolute>"; };
		8D1107320486CEB800E47090 /* sintraCube.app */ = {isa = PBXFileReference; explicitFileType = wrapper.application; includeInIndex = 0; path = sintraCube.app; sourceTree = BUILT_PRODUCTS_DIR; };
		BF9D8BF207D34D69A2F1465E /* Resources.h */ = {isa = PBXFileReference; lastKnownFileType = sourcecode.c.h; name = Resources.h; path = ../include/Resources.h; sourceTree = "<group>"; };
		D82C8E73BF124AB78564BB91 /* CinderApp.icns */ = {isa = PBXFileReference; lastKnownFileType = image.icns; name = CinderApp.icns; path = ../resources/CinderApp.icns; sourceTree = "<group>"; };
		E21B0AA81901E537007E8773 /* blur_frag.glsl */ = {isa = PBXFileReference; fileEncoding = 4; lastKnownFileType = text; name = blur_frag.glsl; path = ../resources/blur_frag.glsl; sourceTree = "<group>"; };
		E21B0AA91901E537007E8773 /* blur_vert.glsl */ = {isa = PBXFileReference; fileEncoding = 4; lastKnownFileType = text; name = blur_vert.glsl; path = ../resources/blur_vert.glsl; sourceTree = "<group>"; };
		E21B0AAA1901E537007E8773 /* phong_frag.glsl */ = {isa = PBXFileReference; fileEncoding = 4; lastKnownFileType = text; name = phong_frag.glsl; path = ../resources/phong_frag.glsl; sourceTree = "<group>"; };
		E21B0AAB1901E537007E8773 /* phong_vert.glsl */ = {isa = PBXFileReference; fileEncoding = 4; lastKnownFileType = text; name = phong_vert.glsl; path = ../resources/phong_vert.glsl; sourceTree = "<group>"; };
		E233890C18C7BA420083E39C /* vert.glsl */ = {isa = PBXFileReference; fileEncoding = 4; lastKnownFileType = text; name = vert.glsl; path = ../resources/vert.glsl; sourceTree = "<group>"; };
		E23F32DB19307E6700E200DE /* Osc.h */ = {isa = PBXFileReference; lastKnownFileType = sourcecode.c.h; name = Osc.h; path = ../include/Osc.h; sourceTree = "<group>"; };
		E285173619099E4E0094D7B1 /* BeatDetector.cpp */ = {isa = PBXFileReference; fileEncoding = 4; lastKnownFileType = sourcecode.cpp.cpp; name = BeatDetector.cpp; path = ../src/BeatDetector.cpp; sourceTree = "<group>"; };
		E2851739190B3A040094D7B1 /* Satie_Batacas.mp3 */ = {isa = PBXFileReference; lastKnownFileType = audio.mp3; name = Satie_Batacas.mp3; path = ../resources/Satie_Batacas.mp3; sourceTree = "<group>"; };
		E2887F3E18BD6AE100263F18 /* Particle.h */ = {isa = PBXFileReference; lastKnownFileType = sourcecode.c.h; name = Particle.h; path = ../include/Particle.h; sourceTree = "<group>"; };
		E2887F3F18BD6AE100263F18 /* ParticleSystem.h */ = {isa = PBXFileReference; lastKnownFileType = sourcecode.c.h; name = ParticleSystem.h; path = ../include/ParticleSystem.h; sourceTree = "<group>"; };
		E2887F4018BD6AEE00263F18 /* Particle.cpp */ = {isa = PBXFileReference; fileEncoding = 4; lastKnownFileType = sourcecode.cpp.cpp; name = Particle.cpp; path = ../src/Particle.cpp; sourceTree = "<group>"; };
		E2887F4118BD6AEE00263F18 /* ParticleSystem.cpp */ = {isa = PBXFileReference; fileEncoding = 4; lastKnownFileType = sourcecode.cpp.cpp; name = ParticleSystem.cpp; path = ../src/ParticleSystem.cpp; sourceTree = "<group>"; };
		E2887F4218BD6AEE00263F18 /* ParticleSystemApp.cpp */ = {isa = PBXFileReference; fileEncoding = 4; lastKnownFileType = sourcecode.cpp.cpp; name = ParticleSystemApp.cpp; path = ../src/ParticleSystemApp.cpp; sourceTree = "<group>"; };
		E298EAF8190256F300E38CAB /* timeToggle.h */ = {isa = PBXFileReference; lastKnownFileType = sourcecode.c.h; name = timeToggle.h; path = ../include/timeToggle.h; sourceTree = "<group>"; };
		E298EAF91902579200E38CAB /* ParticleSystemApp.h */ = {isa = PBXFileReference; lastKnownFileType = sourcecode.c.h; name = ParticleSystemApp.h; path = ../include/ParticleSystemApp.h; sourceTree = "<group>"; };
		E298EB1019032ED100E38CAB /* AudioAnaylzer.cpp */ = {isa = PBXFileReference; fileEncoding = 4; lastKnownFileType = sourcecode.cpp.cpp; name = AudioAnaylzer.cpp; path = ../src/AudioAnaylzer.cpp; sourceTree = "<group>"; };
		E298EB1319032F1600E38CAB /* AudioAnaylzer.h */ = {isa = PBXFileReference; lastKnownFileType = sourcecode.c.h; name = AudioAnaylzer.h; path = ../include/AudioAnaylzer.h; sourceTree = "<group>"; };
		E2ABF4141901CDFF0055D6B5 /* frag.glsl */ = {isa = PBXFileReference; fileEncoding = 4; lastKnownFileType = text; name = frag.glsl; path = ../resources/frag.glsl; sourceTree = "<group>"; };
		E2C79FD119359637000DD550 /* Midi.h */ = {isa = PBXFileReference; lastKnownFileType = sourcecode.c.h; name = Midi.h; path = ../include/Midi.h; sourceTree = "<group>"; };
		E2C79FD2193596A0000DD550 /* CoreMIDI.framework */ = {isa = PBXFileReference; lastKnownFileType = wrapper.framework; name = CoreMIDI.framework; path = System/Library/Frameworks/CoreMIDI.framework; sourceTree = SDKROOT; };
		E2C79FD5193596FF000DD550 /* MidiConstants.h */ = {isa = PBXFileReference; fileEncoding = 4; lastKnownFileType = sourcecode.c.h; path = MidiConstants.h; sourceTree = "<group>"; };
		E2C79FD6193596FF000DD550 /* MidiExceptions.h */ = {isa = PBXFileReference; fileEncoding = 4; lastKnownFileType = sourcecode.c.h; path = MidiExceptions.h; sourceTree = "<group>"; };
		E2C79FD7193596FF000DD550 /* MidiHeaders.h */ = {isa = PBXFileReference; fileEncoding = 4; lastKnownFileType = sourcecode.c.h; path = MidiHeaders.h; sourceTree = "<group>"; };
		E2C79FD8193596FF000DD550 /* MidiHub.h */ = {isa = PBXFileReference; fileEncoding = 4; lastKnownFileType = sourcecode.c.h; path = MidiHub.h; sourceTree = "<group>"; };
		E2C79FD9193596FF000DD550 /* MidiIn.h */ = {isa = PBXFileReference; fileEncoding = 4; lastKnownFileType = sourcecode.c.h; path = MidiIn.h; sourceTree = "<group>"; };
		E2C79FDA193596FF000DD550 /* MidiMessage.h */ = {isa = PBXFileReference; fileEncoding = 4; lastKnownFileType = sourcecode.c.h; path = MidiMessage.h; sourceTree = "<group>"; };
		E2C79FDB193596FF000DD550 /* MidiOut.h */ = {isa = PBXFileReference; fileEncoding = 4; lastKnownFileType = sourcecode.c.h; path = MidiOut.h; sourceTree = "<group>"; };
		E2C79FDD193596FF000DD550 /* RtError.h */ = {isa = PBXFileReference; fileEncoding = 4; lastKnownFileType = sourcecode.c.h; path = RtError.h; sourceTree = "<group>"; };
		E2C79FDE193596FF000DD550 /* RtMidi.cpp */ = {isa = PBXFileReference; fileEncoding = 4; lastKnownFileType = sourcecode.cpp.cpp; path = RtMidi.cpp; sourceTree = "<group>"; };
		E2C79FDF193596FF000DD550 /* RtMidi.h */ = {isa = PBXFileReference; fileEncoding = 4; lastKnownFileType = sourcecode.c.h; path = RtMidi.h; sourceTree = "<group>"; };
		E2C79FE219359705000DD550 /* MidiHub.cpp */ = {isa = PBXFileReference; fileEncoding = 4; lastKnownFileType = sourcecode.cpp.cpp; path = MidiHub.cpp; sourceTree = "<group>"; };
		E2C79FE319359705000DD550 /* MidiIn.cpp */ = {isa = PBXFileReference; fileEncoding = 4; lastKnownFileType = sourcecode.cpp.cpp; path = MidiIn.cpp; sourceTree = "<group>"; };
		E2C79FE419359705000DD550 /* MidiMessage.cpp */ = {isa = PBXFileReference; fileEncoding = 4; lastKnownFileType = sourcecode.cpp.cpp; path = MidiMessage.cpp; sourceTree = "<group>"; };
		E2C79FE519359705000DD550 /* MidiOut.cpp */ = {isa = PBXFileReference; fileEncoding = 4; lastKnownFileType = sourcecode.cpp.cpp; path = MidiOut.cpp; sourceTree = "<group>"; };
		E2C79FED19359A23000DD550 /* IpEndpointName.cpp */ = {isa = PBXFileReference; fileEncoding = 4; lastKnownFileType = sourcecode.cpp.cpp; path = IpEndpointName.cpp; sourceTree = "<group>"; };
		E2C79FEE19359A23000DD550 /* IpEndpointName.h */ = {isa = PBXFileReference; fileEncoding = 4; lastKnownFileType = sourcecode.c.h; path = IpEndpointName.h; sourceTree = "<group>"; };
		E2C79FEF19359A23000DD550 /* NetworkingUtils.h */ = {isa = PBXFileReference; fileEncoding = 4; lastKnownFileType = sourcecode.c.h; path = NetworkingUtils.h; sourceTree = "<group>"; };
		E2C79FF019359A23000DD550 /* PacketListener.h */ = {isa = PBXFileReference; fileEncoding = 4; lastKnownFileType = sourcecode.c.h; path = PacketListener.h; sourceTree = "<group>"; };
		E2C79FF219359A23000DD550 /* NetworkingUtils.cpp */ = {isa = PBXFileReference; fileEncoding = 4; lastKnownFileType = sourcecode.cpp.cpp; path = NetworkingUtils.cpp; sourceTree = "<group>"; };
		E2C79FF319359A23000DD550 /* UdpSocket.cpp */ = {isa = PBXFileReference; fileEncoding = 4; lastKnownFileType = sourcecode.cpp.cpp; path = UdpSocket.cpp; sourceTree = "<group>"; };
		E2C79FF419359A23000DD550 /* TimerListener.h */ = {isa = PBXFileReference; fileEncoding = 4; lastKnownFileType = sourcecode.c.h; path = TimerListener.h; sourceTree = "<group>"; };
		E2C79FF519359A23000DD550 /* UdpSocket.h */ = {isa = PBXFileReference; fileEncoding = 4; lastKnownFileType = sourcecode.c.h; path = UdpSocket.h; sourceTree = "<group>"; };
		E2C79FFA19359A23000DD550 /* MessageMappingOscPacketListener.h */ = {isa = PBXFileReference; fileEncoding = 4; lastKnownFileType = sourcecode.c.h; path = MessageMappingOscPacketListener.h; sourceTree = "<group>"; };
		E2C79FFB19359A23000DD550 /* OscException.h */ = {isa = PBXFileReference; fileEncoding = 4; lastKnownFileType = sourcecode.c.h; path = OscException.h; sourceTree = "<group>"; };
		E2C79FFC19359A23000DD550 /* OscHostEndianness.h */ = {isa = PBXFileReference; fileEncoding = 4; lastKnownFileType = sourcecode.c.h; path = OscHostEndianness.h; sourceTree = "<group>"; };
		E2C79FFD19359A23000DD550 /* OscOutboundPacketStream.cpp */ = {isa = PBXFileReference; fileEncoding = 4; lastKnownFileType = sourcecode.cpp.cpp; path = OscOutboundPacketStream.cpp; sourceTree = "<group>"; };
		E2C79FFE19359A23000DD550 /* OscOutboundPacketStream.h */ = {isa = PBXFileReference; fileEncoding = 4; lastKnownFileType = sourcecode.c.h; path = OscOutboundPacketStream.h; sourceTree = "<group>"; };
		E2C79FFF19359A23000DD550 /* OscPacketListener.h */ = {isa = PBXFileReference; fileEncoding = 4; lastKnownFileType = sourcecode.c.h; path = OscPacketListener.h; sourceTree = "<group>"; };
		E2C7A00019359A23000DD550 /* OscPrintReceivedElements.cpp */ = {isa = PBXFileReference; fileEncoding = 4; lastKnownFileType = sourcecode.cpp.cpp; path = OscPrintReceivedElements.cpp; sourceTree = "<group>"; };
		E2C7A00119359A23000DD550 /* OscPrintReceivedElements.h */ = {isa = PBXFileReference; fileEncoding = 4; lastKnownFileType = sourcecode.c.h; path = OscPrintReceivedElements.h; sourceTree = "<group>"; };
		E2C7A00219359A23000DD550 /* OscReceivedElements.cpp */ = {isa = PBXFileReference; fileEncoding = 4; lastKnownFileType = sourcecode.cpp.cpp; path = OscReceivedElements.cpp; sourceTree = "<group>"; };
		E2C7A00319359A23000DD550 /* OscReceivedElements.h */ = {isa = PBXFileReference; fileEncoding = 4; lastKnownFileType = sourcecode.c.h; path = OscReceivedElements.h; sourceTree = "<group>"; };
		E2C7A00419359A23000DD550 /* OscTypes.cpp */ = {isa = PBXFileReference; fileEncoding = 4; lastKnownFileType = sourcecode.cpp.cpp; path = OscTypes.cpp; sourceTree = "<group>"; };
		E2C7A00519359A23000DD550 /* OscTypes.h */ = {isa = PBXFileReference; fileEncoding = 4; lastKnownFileType = sourcecode.c.h; path = OscTypes.h; sourceTree = "<group>"; };
		E2C7A00619359A23000DD550 /* OscArg.h */ = {isa = PBXFileReference; fileEncoding = 4; lastKnownFileType = sourcecode.c.h; name = OscArg.h; path = ../../../cinder_master/blocks/OSC/src/OscArg.h; sourceTree = "<group>"; };
		E2C7A00719359A23000DD550 /* OscBundle.cpp */ = {isa = PBXFileReference; fileEncoding = 4; lastKnownFileType = sourcecode.cpp.cpp; name = OscBundle.cpp; path = ../../../cinder_master/blocks/OSC/src/OscBundle.cpp; sourceTree = "<group>"; };
		E2C7A00819359A23000DD550 /* OscBundle.h */ = {isa = PBXFileReference; fileEncoding = 4; lastKnownFileType = sourcecode.c.h; name = OscBundle.h; path = ../../../cinder_master/blocks/OSC/src/OscBundle.h; sourceTree = "<group>"; };
		E2C7A00919359A23000DD550 /* OscListener.cpp */ = {isa = PBXFileReference; fileEncoding = 4; lastKnownFileType = sourcecode.cpp.cpp; name = OscListener.cpp; path = ../../../cinder_master/blocks/OSC/src/OscListener.cpp; sourceTree = "<group>"; };
		E2C7A00A19359A23000DD550 /* OscListener.h */ = {isa = PBXFileReference; fileEncoding = 4; lastKnownFileType = sourcecode.c.h; name = OscListener.h; path = ../../../cinder_master/blocks/OSC/src/OscListener.h; sourceTree = "<group>"; };
		E2C7A00B19359A23000DD550 /* OscMessage.cpp */ = {isa = PBXFileReference; fileEncoding = 4; lastKnownFileType = sourcecode.cpp.cpp; name = OscMessage.cpp; path = ../../../cinder_master/blocks/OSC/src/OscMessage.cpp; sourceTree = "<group>"; };
		E2C7A00C19359A23000DD550 /* OscMessage.h */ = {isa = PBXFileReference; fileEncoding = 4; lastKnownFileType = sourcecode.c.h; name = OscMessage.h; path = ../../../cinder_master/blocks/OSC/src/OscMessage.h; sourceTree = "<group>"; };
		E2C7A00D19359A23000DD550 /* OscSender.cpp */ = {isa = PBXFileReference; fileEncoding = 4; lastKnownFileType = sourcecode.cpp.cpp; name = OscSender.cpp; path = ../../../cinder_master/blocks/OSC/src/OscSender.cpp; sourceTree = "<group>"; };
		E2C7A00E19359A23000DD550 /* OscSender.h */ = {isa = PBXFileReference; fileEncoding = 4; lastKnownFileType = sourcecode.c.h; name = OscSender.h; path = ../../../cinder_master/blocks/OSC/src/OscSender.h; sourceTree = "<group>"; };
		E2CACB261909902900FBDC0C /* BeatDetector.h */ = {isa = PBXFileReference; lastKnownFileType = sourcecode.c.h; name = BeatDetector.h; path = ../include/BeatDetector.h; sourceTree = "<group>"; };
		E2CD7CE318C6830B007EB8CC /* satie_01.mp3 */ = {isa = PBXFileReference; lastKnownFileType = audio.mp3; name = satie_01.mp3; path = ../resources/satie_01.mp3; sourceTree = "<group>"; };
		E2D1FF041934513D00303066 /* mask.jpg */ = {isa = PBXFileReference; lastKnownFileType = image.jpeg; name = mask.jpg; path = ../resources/mask.jpg; sourceTree = "<group>"; };
		E2D1FF0619346BD000303066 /* Room.cpp */ = {isa = PBXFileReference; fileEncoding = 4; lastKnownFileType = sourcecode.cpp.cpp; name = Room.cpp; path = ../src/Room.cpp; sourceTree = "<group>"; };
		E2D1FF0919346C4200303066 /* Room.h */ = {isa = PBXFileReference; lastKnownFileType = sourcecode.c.h; name = Room.h; path = ../include/Room.h; sourceTree = "<group>"; };
		E2D1FF0A19346F8E00303066 /* CubeMap.h */ = {isa = PBXFileReference; lastKnownFileType = sourcecode.c.h; name = CubeMap.h; path = ../include/CubeMap.h; sourceTree = "<group>"; };
		E2D1FF0B19346F8E00303066 /* SpringCam.h */ = {isa = PBXFileReference; lastKnownFileType = sourcecode.c.h; name = SpringCam.h; path = ../include/SpringCam.h; sourceTree = "<group>"; };
		E2D1FF0C19346F9A00303066 /* CubeMap.cpp */ = {isa = PBXFileReference; fileEncoding = 4; lastKnownFileType = sourcecode.cpp.cpp; name = CubeMap.cpp; path = ../src/CubeMap.cpp; sourceTree = "<group>"; };
		E2D1FF0D19346F9A00303066 /* SpringCam.cpp */ = {isa = PBXFileReference; fileEncoding = 4; lastKnownFileType = sourcecode.cpp.cpp; name = SpringCam.cpp; path = ../src/SpringCam.cpp; sourceTree = "<group>"; };
		E2D1FF1019346FB900303066 /* cinder_app_icon.ico */ = {isa = PBXFileReference; lastKnownFileType = image.ico; name = cinder_app_icon.ico; path = ../resources/cinder_app_icon.ico; sourceTree = "<group>"; };
		E2D1FF1119346FB900303066 /* CinderApp.icns */ = {isa = PBXFileReference; lastKnownFileType = image.icns; name = CinderApp.icns; path = ../resources/CinderApp.icns; sourceTree = "<group>"; };
		E2D1FF1219346FB900303066 /* cubeNegX.jpg */ = {isa = PBXFileReference; lastKnownFileType = image.jpeg; name = cubeNegX.jpg; path = ../resources/cubeNegX.jpg; sourceTree = "<group>"; };
		E2D1FF1319346FB900303066 /* cubeNegY.jpg */ = {isa = PBXFileReference; lastKnownFileType = image.jpeg; name = cubeNegY.jpg; path = ../resources/cubeNegY.jpg; sourceTree = "<group>"; };
		E2D1FF1419346FB900303066 /* cubePosY.jpg */ = {isa = PBXFileReference; lastKnownFileType = image.jpeg; name = cubePosY.jpg; path = ../resources/cubePosY.jpg; sourceTree = "<group>"; };
		E2D1FF1519346FB900303066 /* cubePosZ.jpg */ = {isa = PBXFileReference; lastKnownFileType = image.jpeg; name = cubePosZ.jpg; path = ../resources/cubePosZ.jpg; sourceTree = "<group>"; };
		E2D1FF1619346FB900303066 /* icon.icns */ = {isa = PBXFileReference; lastKnownFileType = image.icns; name = icon.icns; path = ../resources/icon.icns; sourceTree = "<group>"; };
		E2D1FF1719346FB900303066 /* room.frag */ = {isa = PBXFileReference; fileEncoding = 4; lastKnownFileType = sourcecode.glsl; name = room.frag; path = ../resources/room.frag; sourceTree = "<group>"; };
		E2D1FF1819346FB900303066 /* sphere.vert */ = {isa = PBXFileReference; fileEncoding = 4; lastKnownFileType = sourcecode.glsl; name = sphere.vert; path = ../resources/sphere.vert; sourceTree = "<group>"; };
		E2D1FF231934733C00303066 /* sphere.frag */ = {isa = PBXFileReference; fileEncoding = 4; lastKnownFileType = sourcecode.glsl; name = sphere.frag; path = ../resources/sphere.frag; sourceTree = "<group>"; };
		E2D1FF251934735A00303066 /* cubeNegZ.jpg */ = {isa = PBXFileReference; lastKnownFileType = image.jpeg; name = cubeNegZ.jpg; path = ../resources/cubeNegZ.jpg; sourceTree = "<group>"; };
		E2D1FF261934735A00303066 /* room.vert */ = {isa = PBXFileReference; fileEncoding = 4; lastKnownFileType = sourcecode.glsl; name = room.vert; path = ../resources/room.vert; sourceTree = "<group>"; };
		E2D1FF291934741000303066 /* cubePosX.jpg */ = {isa = PBXFileReference; lastKnownFileType = image.jpeg; name = cubePosX.jpg; path = ../resources/cubePosX.jpg; sourceTree = "<group>"; };
		E2D7935A190B6E9400F57DBA /* TriLUT.h */ = {isa = PBXFileReference; lastKnownFileType = sourcecode.c.h; name = TriLUT.h; path = ../include/TriLUT.h; sourceTree = "<group>"; };
/* End PBXFileReference section */

/* Begin PBXFrameworksBuildPhase section */
		8D11072E0486CEB800E47090 /* Frameworks */ = {
			isa = PBXFrameworksBuildPhase;
			buildActionMask = 2147483647;
			files = (
				E2C79FD3193596A0000DD550 /* CoreMIDI.framework in Frameworks */,
				8D11072F0486CEB800E47090 /* Cocoa.framework in Frameworks */,
				0091D8F90E81B9330029341E /* OpenGL.framework in Frameworks */,
				5323E6B20EAFCA74003A9687 /* CoreVideo.framework in Frameworks */,
				5323E6B60EAFCA7E003A9687 /* QTKit.framework in Frameworks */,
				00B784B30FF439BC000DE1D7 /* Accelerate.framework in Frameworks */,
				00B784B40FF439BC000DE1D7 /* AudioToolbox.framework in Frameworks */,
				00B784B50FF439BC000DE1D7 /* AudioUnit.framework in Frameworks */,
				00B784B60FF439BC000DE1D7 /* CoreAudio.framework in Frameworks */,
			);
			runOnlyForDeploymentPostprocessing = 0;
		};
/* End PBXFrameworksBuildPhase section */

/* Begin PBXGroup section */
		01B97315FEAEA392516A2CEA /* Blocks */ = {
			isa = PBXGroup;
			children = (
				E2C79FEB19359A0E000DD550 /* OSC */,
				E2C79FEA193599FF000DD550 /* MIDI */,
			);
			name = Blocks;
			sourceTree = "<group>";
		};
		080E96DDFE201D6D7F000001 /* Source */ = {
			isa = PBXGroup;
			children = (
				E2D1FF0C19346F9A00303066 /* CubeMap.cpp */,
				E2D1FF0D19346F9A00303066 /* SpringCam.cpp */,
				E298EB1019032ED100E38CAB /* AudioAnaylzer.cpp */,
				E285173619099E4E0094D7B1 /* BeatDetector.cpp */,
				E2887F4018BD6AEE00263F18 /* Particle.cpp */,
				E2887F4118BD6AEE00263F18 /* ParticleSystem.cpp */,
				E2887F4218BD6AEE00263F18 /* ParticleSystemApp.cpp */,
				E2D1FF0619346BD000303066 /* Room.cpp */,
			);
			name = Source;
			sourceTree = "<group>";
		};
		1058C7A0FEA54F0111CA2CBB /* Linked Frameworks */ = {
			isa = PBXGroup;
			children = (
				00B784AF0FF439BC000DE1D7 /* Accelerate.framework */,
				00B784B00FF439BC000DE1D7 /* AudioToolbox.framework */,
				00B784B10FF439BC000DE1D7 /* AudioUnit.framework */,
				00B784B20FF439BC000DE1D7 /* CoreAudio.framework */,
				5323E6B50EAFCA7E003A9687 /* QTKit.framework */,
				5323E6B10EAFCA74003A9687 /* CoreVideo.framework */,
				0091D8F80E81B9330029341E /* OpenGL.framework */,
				1058C7A1FEA54F0111CA2CBB /* Cocoa.framework */,
			);
			name = "Linked Frameworks";
			sourceTree = "<group>";
		};
		1058C7A2FEA54F0111CA2CBB /* Other Frameworks */ = {
			isa = PBXGroup;
			children = (
				29B97324FDCFA39411CA2CEA /* AppKit.framework */,
				29B97325FDCFA39411CA2CEA /* Foundation.framework */,
			);
			name = "Other Frameworks";
			sourceTree = "<group>";
		};
		19C28FACFE9D520D11CA2CBB /* Products */ = {
			isa = PBXGroup;
			children = (
				8D1107320486CEB800E47090 /* sintraCube.app */,
			);
			name = Products;
			sourceTree = "<group>";
		};
		29B97314FDCFA39411CA2CEA /* ParticleSystemTail */ = {
			isa = PBXGroup;
			children = (
				01B97315FEAEA392516A2CEA /* Blocks */,
				29B97315FDCFA39411CA2CEA /* Headers */,
				080E96DDFE201D6D7F000001 /* Source */,
				29B97317FDCFA39411CA2CEA /* Resources */,
				29B97323FDCFA39411CA2CEA /* Frameworks */,
				19C28FACFE9D520D11CA2CBB /* Products */,
			);
			name = ParticleSystemTail;
			sourceTree = "<group>";
		};
		29B97315FDCFA39411CA2CEA /* Headers */ = {
			isa = PBXGroup;
			children = (
				E2C79FD119359637000DD550 /* Midi.h */,
				E2D1FF0A19346F8E00303066 /* CubeMap.h */,
				E2D1FF0B19346F8E00303066 /* SpringCam.h */,
				E298EB1319032F1600E38CAB /* AudioAnaylzer.h */,
				E2CACB261909902900FBDC0C /* BeatDetector.h */,
				E2887F3E18BD6AE100263F18 /* Particle.h */,
				E298EAF91902579200E38CAB /* ParticleSystemApp.h */,
				E2887F3F18BD6AE100263F18 /* ParticleSystem.h */,
				BF9D8BF207D34D69A2F1465E /* Resources.h */,
				220505BAC50748A9837368C7 /* sintraCube_Prefix.pch */,
				E298EAF8190256F300E38CAB /* timeToggle.h */,
				E2D7935A190B6E9400F57DBA /* TriLUT.h */,
				E23F32DB19307E6700E200DE /* Osc.h */,
				E2D1FF0919346C4200303066 /* Room.h */,
			);
			name = Headers;
			sourceTree = "<group>";
		};
		29B97317FDCFA39411CA2CEA /* Resources */ = {
			isa = PBXGroup;
			children = (
				E2D1FF221934730A00303066 /* shaders */,
				E2D1FF1019346FB900303066 /* cinder_app_icon.ico */,
				E2D1FF1119346FB900303066 /* CinderApp.icns */,
				E2D1FF291934741000303066 /* cubePosX.jpg */,
				E2D1FF1219346FB900303066 /* cubeNegX.jpg */,
				E2D1FF1319346FB900303066 /* cubeNegY.jpg */,
				E2D1FF1419346FB900303066 /* cubePosY.jpg */,
				E2D1FF1519346FB900303066 /* cubePosZ.jpg */,
				E2D1FF251934735A00303066 /* cubeNegZ.jpg */,
				E2D1FF1619346FB900303066 /* icon.icns */,
				E2D1FF041934513D00303066 /* mask.jpg */,
				E2851739190B3A040094D7B1 /* Satie_Batacas.mp3 */,
				E2CD7CE318C6830B007EB8CC /* satie_01.mp3 */,
				D82C8E73BF124AB78564BB91 /* CinderApp.icns */,
				2F1DAFDDE44246BD9A323067 /* Info.plist */,
			);
			name = Resources;
			sourceTree = "<group>";
		};
		29B97323FDCFA39411CA2CEA /* Frameworks */ = {
			isa = PBXGroup;
			children = (
				E2C79FD2193596A0000DD550 /* CoreMIDI.framework */,
				1058C7A0FEA54F0111CA2CBB /* Linked Frameworks */,
				1058C7A2FEA54F0111CA2CBB /* Other Frameworks */,
			);
			name = Frameworks;
			sourceTree = "<group>";
		};
		E2C79FD4193596FF000DD550 /* include */ = {
			isa = PBXGroup;
			children = (
				E2C79FD5193596FF000DD550 /* MidiConstants.h */,
				E2C79FD6193596FF000DD550 /* MidiExceptions.h */,
				E2C79FD7193596FF000DD550 /* MidiHeaders.h */,
				E2C79FD8193596FF000DD550 /* MidiHub.h */,
				E2C79FD9193596FF000DD550 /* MidiIn.h */,
				E2C79FDA193596FF000DD550 /* MidiMessage.h */,
				E2C79FDB193596FF000DD550 /* MidiOut.h */,
			);
			name = include;
			path = "../../../cinder_master/blocks/Cinder-MIDI2/include";
			sourceTree = "<group>";
		};
		E2C79FDC193596FF000DD550 /* lib */ = {
			isa = PBXGroup;
			children = (
				E2C79FDD193596FF000DD550 /* RtError.h */,
				E2C79FDE193596FF000DD550 /* RtMidi.cpp */,
				E2C79FDF193596FF000DD550 /* RtMidi.h */,
			);
			name = lib;
			path = "../../../cinder_master/blocks/Cinder-MIDI2/lib";
			sourceTree = "<group>";
		};
		E2C79FE119359705000DD550 /* src */ = {
			isa = PBXGroup;
			children = (
				E2C79FE219359705000DD550 /* MidiHub.cpp */,
				E2C79FE319359705000DD550 /* MidiIn.cpp */,
				E2C79FE419359705000DD550 /* MidiMessage.cpp */,
				E2C79FE519359705000DD550 /* MidiOut.cpp */,
			);
			name = src;
			path = "../../../cinder_master/blocks/Cinder-MIDI2/src";
			sourceTree = "<group>";
		};
		E2C79FEA193599FF000DD550 /* MIDI */ = {
			isa = PBXGroup;
			children = (
				E2C79FE119359705000DD550 /* src */,
				E2C79FD4193596FF000DD550 /* include */,
				E2C79FDC193596FF000DD550 /* lib */,
			);
			name = MIDI;
			sourceTree = "<group>";
		};
		E2C79FEB19359A0E000DD550 /* OSC */ = {
			isa = PBXGroup;
			children = (
				E2C79FEC19359A23000DD550 /* ip */,
				E2C79FF919359A23000DD550 /* osc */,
				E2C7A00619359A23000DD550 /* OscArg.h */,
				E2C7A00719359A23000DD550 /* OscBundle.cpp */,
				E2C7A00819359A23000DD550 /* OscBundle.h */,
				E2C7A00919359A23000DD550 /* OscListener.cpp */,
				E2C7A00A19359A23000DD550 /* OscListener.h */,
				E2C7A00B19359A23000DD550 /* OscMessage.cpp */,
				E2C7A00C19359A23000DD550 /* OscMessage.h */,
				E2C7A00D19359A23000DD550 /* OscSender.cpp */,
				E2C7A00E19359A23000DD550 /* OscSender.h */,
			);
			name = OSC;
			sourceTree = "<group>";
		};
		E2C79FEC19359A23000DD550 /* ip */ = {
			isa = PBXGroup;
			children = (
				E2C79FED19359A23000DD550 /* IpEndpointName.cpp */,
				E2C79FEE19359A23000DD550 /* IpEndpointName.h */,
				E2C79FEF19359A23000DD550 /* NetworkingUtils.h */,
				E2C79FF019359A23000DD550 /* PacketListener.h */,
				E2C79FF119359A23000DD550 /* posix */,
				E2C79FF419359A23000DD550 /* TimerListener.h */,
				E2C79FF519359A23000DD550 /* UdpSocket.h */,
			);
			name = ip;
			path = ../../../cinder_master/blocks/OSC/src/ip;
			sourceTree = "<group>";
		};
		E2C79FF119359A23000DD550 /* posix */ = {
			isa = PBXGroup;
			children = (
				E2C79FF219359A23000DD550 /* NetworkingUtils.cpp */,
				E2C79FF319359A23000DD550 /* UdpSocket.cpp */,
			);
			path = posix;
			sourceTree = "<group>";
		};
		E2C79FF919359A23000DD550 /* osc */ = {
			isa = PBXGroup;
			children = (
				E2C79FFA19359A23000DD550 /* MessageMappingOscPacketListener.h */,
				E2C79FFB19359A23000DD550 /* OscException.h */,
				E2C79FFC19359A23000DD550 /* OscHostEndianness.h */,
				E2C79FFD19359A23000DD550 /* OscOutboundPacketStream.cpp */,
				E2C79FFE19359A23000DD550 /* OscOutboundPacketStream.h */,
				E2C79FFF19359A23000DD550 /* OscPacketListener.h */,
				E2C7A00019359A23000DD550 /* OscPrintReceivedElements.cpp */,
				E2C7A00119359A23000DD550 /* OscPrintReceivedElements.h */,
				E2C7A00219359A23000DD550 /* OscReceivedElements.cpp */,
				E2C7A00319359A23000DD550 /* OscReceivedElements.h */,
				E2C7A00419359A23000DD550 /* OscTypes.cpp */,
				E2C7A00519359A23000DD550 /* OscTypes.h */,
			);
			name = osc;
			path = ../../../cinder_master/blocks/OSC/src/osc;
			sourceTree = "<group>";
		};
		E2D1FF221934730A00303066 /* shaders */ = {
			isa = PBXGroup;
			children = (
				E2D1FF261934735A00303066 /* room.vert */,
				E2D1FF1719346FB900303066 /* room.frag */,
				E2D1FF231934733C00303066 /* sphere.frag */,
				E233890C18C7BA420083E39C /* vert.glsl */,
				E2ABF4141901CDFF0055D6B5 /* frag.glsl */,
				E2D1FF1819346FB900303066 /* sphere.vert */,
				E21B0AA81901E537007E8773 /* blur_frag.glsl */,
				E21B0AA91901E537007E8773 /* blur_vert.glsl */,
				E21B0AAA1901E537007E8773 /* phong_frag.glsl */,
				E21B0AAB1901E537007E8773 /* phong_vert.glsl */,
			);
			name = shaders;
			sourceTree = "<group>";
		};
/* End PBXGroup section */

/* Begin PBXNativeTarget section */
		8D1107260486CEB800E47090 /* sintraCube */ = {
			isa = PBXNativeTarget;
			buildConfigurationList = C01FCF4A08A954540054247B /* Build configuration list for PBXNativeTarget "sintraCube" */;
			buildPhases = (
				8D1107290486CEB800E47090 /* Resources */,
				8D11072C0486CEB800E47090 /* Sources */,
				8D11072E0486CEB800E47090 /* Frameworks */,
			);
			buildRules = (
			);
			dependencies = (
			);
			name = sintraCube;
			productInstallPath = "$(HOME)/Applications";
			productName = ParticleSystemTail;
			productReference = 8D1107320486CEB800E47090 /* sintraCube.app */;
			productType = "com.apple.product-type.application";
		};
/* End PBXNativeTarget section */

/* Begin PBXProject section */
		29B97313FDCFA39411CA2CEA /* Project object */ = {
			isa = PBXProject;
			attributes = {
				LastUpgradeCheck = 0510;
			};
			buildConfigurationList = C01FCF4E08A954540054247B /* Build configuration list for PBXProject "sintraCube" */;
			compatibilityVersion = "Xcode 3.2";
			developmentRegion = English;
			hasScannedForEncodings = 1;
			knownRegions = (
				English,
				Japanese,
				French,
				German,
			);
			mainGroup = 29B97314FDCFA39411CA2CEA /* ParticleSystemTail */;
			projectDirPath = "";
			projectRoot = "";
			targets = (
				8D1107260486CEB800E47090 /* sintraCube */,
			);
		};
/* End PBXProject section */

/* Begin PBXResourcesBuildPhase section */
		8D1107290486CEB800E47090 /* Resources */ = {
			isa = PBXResourcesBuildPhase;
			buildActionMask = 2147483647;
			files = (
				E2D1FF241934733C00303066 /* sphere.frag in Resources */,
				E2D1FF1F19346FB900303066 /* icon.icns in Resources */,
				E2D1FF271934735A00303066 /* cubeNegZ.jpg in Resources */,
				E2CD7CE418C6830B007EB8CC /* satie_01.mp3 in Resources */,
				E2D1FF051934513D00303066 /* mask.jpg in Resources */,
				E2D1FF2A1934741000303066 /* cubePosX.jpg in Resources */,
				E2D1FF1B19346FB900303066 /* cubeNegX.jpg in Resources */,
				E2ABF4151901CDFF0055D6B5 /* frag.glsl in Resources */,
				E233890D18C7BA420083E39C /* vert.glsl in Resources */,
				E21B0AAF1901E537007E8773 /* phong_vert.glsl in Resources */,
				E2D1FF281934735A00303066 /* room.vert in Resources */,
				E2D1FF1E19346FB900303066 /* cubePosZ.jpg in Resources */,
				EFCA874D439648098F66AE2D /* CinderApp.icns in Resources */,
				E2D1FF1919346FB900303066 /* cinder_app_icon.ico in Resources */,
				E2D1FF2119346FB900303066 /* sphere.vert in Resources */,
				E21B0AAC1901E537007E8773 /* blur_frag.glsl in Resources */,
				E2D1FF2019346FB900303066 /* room.frag in Resources */,
				E21B0AAD1901E537007E8773 /* blur_vert.glsl in Resources */,
				E285173A190B3A040094D7B1 /* Satie_Batacas.mp3 in Resources */,
				E21B0AAE1901E537007E8773 /* phong_frag.glsl in Resources */,
				E2D1FF1D19346FB900303066 /* cubePosY.jpg in Resources */,
				E2D1FF1C19346FB900303066 /* cubeNegY.jpg in Resources */,
			);
			runOnlyForDeploymentPostprocessing = 0;
		};
/* End PBXResourcesBuildPhase section */

/* Begin PBXSourcesBuildPhase section */
		8D11072C0486CEB800E47090 /* Sources */ = {
			isa = PBXSourcesBuildPhase;
			buildActionMask = 2147483647;
			files = (
				E2C7A01819359A23000DD550 /* OscBundle.cpp in Sources */,
				E2C7A01119359A23000DD550 /* UdpSocket.cpp in Sources */,
				E298EB1219032ED100E38CAB /* AudioAnaylzer.cpp in Sources */,
				E2887F4418BD6AEE00263F18 /* ParticleSystem.cpp in Sources */,
				E2C7A00F19359A23000DD550 /* IpEndpointName.cpp in Sources */,
				E2C79FE919359705000DD550 /* MidiOut.cpp in Sources */,
				E2C79FE0193596FF000DD550 /* RtMidi.cpp in Sources */,
				E2C7A01419359A23000DD550 /* OscOutboundPacketStream.cpp in Sources */,
				E2C7A01519359A23000DD550 /* OscPrintReceivedElements.cpp in Sources */,
				E2D1FF0F19346F9A00303066 /* SpringCam.cpp in Sources */,
				E2C7A01019359A23000DD550 /* NetworkingUtils.cpp in Sources */,
				E2C7A01719359A23000DD550 /* OscTypes.cpp in Sources */,
				E2C79FE819359705000DD550 /* MidiMessage.cpp in Sources */,
				E2D1FF0719346BD000303066 /* Room.cpp in Sources */,
				E2D1FF0E19346F9A00303066 /* CubeMap.cpp in Sources */,
				E2C79FE619359705000DD550 /* MidiHub.cpp in Sources */,
				E2887F4318BD6AEE00263F18 /* Particle.cpp in Sources */,
				E285173719099E4E0094D7B1 /* BeatDetector.cpp in Sources */,
				E2C7A01919359A23000DD550 /* OscListener.cpp in Sources */,
				E2C7A01B19359A23000DD550 /* OscSender.cpp in Sources */,
				E2C79FE719359705000DD550 /* MidiIn.cpp in Sources */,
				E2C7A01A19359A23000DD550 /* OscMessage.cpp in Sources */,
				E2C7A01619359A23000DD550 /* OscReceivedElements.cpp in Sources */,
				E2887F4518BD6AEE00263F18 /* ParticleSystemApp.cpp in Sources */,
			);
			runOnlyForDeploymentPostprocessing = 0;
		};
/* End PBXSourcesBuildPhase section */

/* Begin XCBuildConfiguration section */
		C01FCF4B08A954540054247B /* Debug */ = {
			isa = XCBuildConfiguration;
			buildSettings = {
				COMBINE_HIDPI_IMAGES = YES;
				COPY_PHASE_STRIP = NO;
				DEAD_CODE_STRIPPING = YES;
				GCC_DYNAMIC_NO_PIC = NO;
				GCC_INLINES_ARE_PRIVATE_EXTERN = YES;
				GCC_OPTIMIZATION_LEVEL = 0;
				GCC_PRECOMPILE_PREFIX_HEADER = YES;
				GCC_PREFIX_HEADER = sintraCube_Prefix.pch;
				GCC_PREPROCESSOR_DEFINITIONS = (
					"DEBUG=1",
					"$(inherited)",
				);
				GCC_SYMBOLS_PRIVATE_EXTERN = NO;
				INFOPLIST_FILE = Info.plist;
				INSTALL_PATH = "$(HOME)/Applications";
				OTHER_LDFLAGS = "\"$(CINDER_PATH)/lib/libcinder_d.a\"";
				PRODUCT_NAME = sintraCube;
				SYMROOT = ./build;
				USER_HEADER_SEARCH_PATHS = "\"$(CINDER_PATH)/include\" ../include ../../../Blocks/ofxDelaunay/libs ../../../Blocks/ofxDelaunay/src \"$(CINDER_PATH)/blocks/Cinder-MIDI2/src\" \"$(CINDER_PATH)/blocks/Cinder-MIDI2/include\" \"$(CINDER_PATH)/blocks/Cinder-MIDI2/lib\" \"$(CINDER_PATH)/blocks/OSC/src\"";
				WRAPPER_EXTENSION = app;
			};
			name = Debug;
		};
		C01FCF4C08A954540054247B /* Release */ = {
			isa = XCBuildConfiguration;
			buildSettings = {
				COMBINE_HIDPI_IMAGES = YES;
				DEAD_CODE_STRIPPING = YES;
				DEBUG_INFORMATION_FORMAT = "dwarf-with-dsym";
				GCC_FAST_MATH = YES;
				GCC_GENERATE_DEBUGGING_SYMBOLS = NO;
				GCC_INLINES_ARE_PRIVATE_EXTERN = YES;
				GCC_OPTIMIZATION_LEVEL = 3;
				GCC_PRECOMPILE_PREFIX_HEADER = YES;
				GCC_PREFIX_HEADER = sintraCube_Prefix.pch;
				GCC_SYMBOLS_PRIVATE_EXTERN = NO;
				INFOPLIST_FILE = Info.plist;
				INSTALL_PATH = "$(HOME)/Applications";
				OTHER_LDFLAGS = "\"$(CINDER_PATH)/lib/libcinder.a\"";
				PRODUCT_NAME = sintraCube;
				STRIP_INSTALLED_PRODUCT = YES;
				SYMROOT = ./build;
				USER_HEADER_SEARCH_PATHS = "\"$(CINDER_PATH)/include\" ../include ../../../Blocks/ofxDelaunay/libs ../../../Blocks/ofxDelaunay/src \"$(CINDER_PATH)/blocks/Cinder-MIDI2/src\" \"$(CINDER_PATH)/blocks/Cinder-MIDI2/include\" \"$(CINDER_PATH)/blocks/Cinder-MIDI2/lib\" \"$(CINDER_PATH)/blocks/OSC/src\"";
				WRAPPER_EXTENSION = app;
			};
			name = Release;
		};
		C01FCF4F08A954540054247B /* Debug */ = {
			isa = XCBuildConfiguration;
			buildSettings = {
				ALWAYS_SEARCH_USER_PATHS = NO;
				CINDER_PATH = ../../../cinder_master;
				CLANG_CXX_LANGUAGE_STANDARD = "c++0x";
				CLANG_CXX_LIBRARY = "libc++";
				GCC_WARN_ABOUT_RETURN_TYPE = YES;
				GCC_WARN_UNUSED_VARIABLE = YES;
				HEADER_SEARCH_PATHS = "\"$(CINDER_PATH)/boost\"";
				MACOSX_DEPLOYMENT_TARGET = 10.9;
				ONLY_ACTIVE_ARCH = YES;
				SDKROOT = macosx;
				USER_HEADER_SEARCH_PATHS = "\"$(CINDER_PATH)/include\" ../include ../../../Blocks/ofxDelaunay/libs ../../../Blocks/ofxDelaunay/src";
			};
			name = Debug;
		};
		C01FCF5008A954540054247B /* Release */ = {
			isa = XCBuildConfiguration;
			buildSettings = {
				ALWAYS_SEARCH_USER_PATHS = NO;
				CINDER_PATH = ../../../cinder_master;
				CLANG_CXX_LANGUAGE_STANDARD = "c++0x";
				CLANG_CXX_LIBRARY = "libc++";
				GCC_WARN_ABOUT_RETURN_TYPE = YES;
				GCC_WARN_UNUSED_VARIABLE = YES;
				HEADER_SEARCH_PATHS = "\"$(CINDER_PATH)/boost\"";
				MACOSX_DEPLOYMENT_TARGET = 10.9;
				SDKROOT = macosx;
				USER_HEADER_SEARCH_PATHS = "\"$(CINDER_PATH)/include\" ../include ../../../Blocks/ofxDelaunay/libs ../../../Blocks/ofxDelaunay/src";
			};
			name = Release;
		};
/* End XCBuildConfiguration section */

/* Begin XCConfigurationList section */
		C01FCF4A08A954540054247B /* Build configuration list for PBXNativeTarget "sintraCube" */ = {
			isa = XCConfigurationList;
			buildConfigurations = (
				C01FCF4B08A954540054247B /* Debug */,
				C01FCF4C08A954540054247B /* Release */,
			);
			defaultConfigurationIsVisible = 0;
			defaultConfigurationName = Release;
		};
		C01FCF4E08A954540054247B /* Build configuration list for PBXProject "sintraCube" */ = {
			isa = XCConfigurationList;
			buildConfigurations = (
				C01FCF4F08A954540054247B /* Debug */,
				C01FCF5008A954540054247B /* Release */,
			);
			defaultConfigurationIsVisible = 0;
			defaultConfigurationName = Release;
		};
/* End XCConfigurationList section */
	};
	rootObject = 29B97313FDCFA39411CA2CEA /* Project object */;
}
